// !$*UTF8*$!
{
	archiveVersion = 1;
	classes = {
	};
	objectVersion = 46;
	objects = {

/* Begin PBXBuildFile section */
		851FD00216227DD100EAB5F8 /* UIKit.framework in Frameworks */ = {isa = PBXBuildFile; fileRef = 851FD00116227DD100EAB5F8 /* UIKit.framework */; };
		851FD00416227DD100EAB5F8 /* Foundation.framework in Frameworks */ = {isa = PBXBuildFile; fileRef = 851FD00316227DD100EAB5F8 /* Foundation.framework */; };
		851FD00616227DD100EAB5F8 /* CoreGraphics.framework in Frameworks */ = {isa = PBXBuildFile; fileRef = 851FD00516227DD100EAB5F8 /* CoreGraphics.framework */; };
		851FD00C16227DD100EAB5F8 /* InfoPlist.strings in Resources */ = {isa = PBXBuildFile; fileRef = 851FD00A16227DD100EAB5F8 /* InfoPlist.strings */; };
		851FD00E16227DD100EAB5F8 /* main.m in Sources */ = {isa = PBXBuildFile; fileRef = 851FD00D16227DD100EAB5F8 /* main.m */; };
		851FD01216227DD100EAB5F8 /* AppDelegate.m in Sources */ = {isa = PBXBuildFile; fileRef = 851FD01116227DD100EAB5F8 /* AppDelegate.m */; };
		851FD01416227DD100EAB5F8 /* Default.png in Resources */ = {isa = PBXBuildFile; fileRef = 851FD01316227DD100EAB5F8 /* Default.png */; };
		851FD01616227DD100EAB5F8 /* Default@2x.png in Resources */ = {isa = PBXBuildFile; fileRef = 851FD01516227DD100EAB5F8 /* Default@2x.png */; };
		851FD01816227DD100EAB5F8 /* Default-568h@2x.png in Resources */ = {isa = PBXBuildFile; fileRef = 851FD01716227DD100EAB5F8 /* Default-568h@2x.png */; };
		851FD01B16227DD100EAB5F8 /* FirstViewController.m in Sources */ = {isa = PBXBuildFile; fileRef = 851FD01A16227DD100EAB5F8 /* FirstViewController.m */; };
		851FD01D16227DD100EAB5F8 /* first.png in Resources */ = {isa = PBXBuildFile; fileRef = 851FD01C16227DD100EAB5F8 /* first.png */; };
		851FD01F16227DD100EAB5F8 /* first@2x.png in Resources */ = {isa = PBXBuildFile; fileRef = 851FD01E16227DD100EAB5F8 /* first@2x.png */; };
		851FD02216227DD100EAB5F8 /* SecondViewController.m in Sources */ = {isa = PBXBuildFile; fileRef = 851FD02116227DD100EAB5F8 /* SecondViewController.m */; };
		851FD02416227DD100EAB5F8 /* second.png in Resources */ = {isa = PBXBuildFile; fileRef = 851FD02316227DD100EAB5F8 /* second.png */; };
		851FD02616227DD100EAB5F8 /* second@2x.png in Resources */ = {isa = PBXBuildFile; fileRef = 851FD02516227DD100EAB5F8 /* second@2x.png */; };
		851FD02916227DD100EAB5F8 /* FirstViewController_iPhone.xib in Resources */ = {isa = PBXBuildFile; fileRef = 851FD02716227DD100EAB5F8 /* FirstViewController_iPhone.xib */; };
		851FD02C16227DD100EAB5F8 /* FirstViewController_iPad.xib in Resources */ = {isa = PBXBuildFile; fileRef = 851FD02A16227DD100EAB5F8 /* FirstViewController_iPad.xib */; };
		851FD02F16227DD100EAB5F8 /* SecondViewController_iPhone.xib in Resources */ = {isa = PBXBuildFile; fileRef = 851FD02D16227DD100EAB5F8 /* SecondViewController_iPhone.xib */; };
		851FD03216227DD100EAB5F8 /* SecondViewController_iPad.xib in Resources */ = {isa = PBXBuildFile; fileRef = 851FD03016227DD100EAB5F8 /* SecondViewController_iPad.xib */; };
/* End PBXBuildFile section */

/* Begin PBXFileReference section */
		851FCFFD16227DD100EAB5F8 /* FreeStyle.app */ = {isa = PBXFileReference; explicitFileType = wrapper.application; includeInIndex = 0; path = FreeStyle.app; sourceTree = BUILT_PRODUCTS_DIR; };
		851FD00116227DD100EAB5F8 /* UIKit.framework */ = {isa = PBXFileReference; lastKnownFileType = wrapper.framework; name = UIKit.framework; path = System/Library/Frameworks/UIKit.framework; sourceTree = SDKROOT; };
		851FD00316227DD100EAB5F8 /* Foundation.framework */ = {isa = PBXFileReference; lastKnownFileType = wrapper.framework; name = Foundation.framework; path = System/Library/Frameworks/Foundation.framework; sourceTree = SDKROOT; };
		851FD00516227DD100EAB5F8 /* CoreGraphics.framework */ = {isa = PBXFileReference; lastKnownFileType = wrapper.framework; name = CoreGraphics.framework; path = System/Library/Frameworks/CoreGraphics.framework; sourceTree = SDKROOT; };
		851FD00916227DD100EAB5F8 /* FreeStyle-Info.plist */ = {isa = PBXFileReference; lastKnownFileType = text.plist.xml; path = "FreeStyle-Info.plist"; sourceTree = "<group>"; };
		851FD00B16227DD100EAB5F8 /* en */ = {isa = PBXFileReference; lastKnownFileType = text.plist.strings; name = en; path = en.lproj/InfoPlist.strings; sourceTree = "<group>"; };
		851FD00D16227DD100EAB5F8 /* main.m */ = {isa = PBXFileReference; lastKnownFileType = sourcecode.c.objc; path = main.m; sourceTree = "<group>"; };
		851FD00F16227DD100EAB5F8 /* FreeStyle-Prefix.pch */ = {isa = PBXFileReference; lastKnownFileType = sourcecode.c.h; path = "FreeStyle-Prefix.pch"; sourceTree = "<group>"; };
		851FD01016227DD100EAB5F8 /* AppDelegate.h */ = {isa = PBXFileReference; lastKnownFileType = sourcecode.c.h; path = AppDelegate.h; sourceTree = "<group>"; };
		851FD01116227DD100EAB5F8 /* AppDelegate.m */ = {isa = PBXFileReference; lastKnownFileType = sourcecode.c.objc; path = AppDelegate.m; sourceTree = "<group>"; };
		851FD01316227DD100EAB5F8 /* Default.png */ = {isa = PBXFileReference; lastKnownFileType = image.png; path = Default.png; sourceTree = "<group>"; };
		851FD01516227DD100EAB5F8 /* Default@2x.png */ = {isa = PBXFileReference; lastKnownFileType = image.png; path = "Default@2x.png"; sourceTree = "<group>"; };
		851FD01716227DD100EAB5F8 /* Default-568h@2x.png */ = {isa = PBXFileReference; lastKnownFileType = image.png; path = "Default-568h@2x.png"; sourceTree = "<group>"; };
		851FD01916227DD100EAB5F8 /* FirstViewController.h */ = {isa = PBXFileReference; lastKnownFileType = sourcecode.c.h; path = FirstViewController.h; sourceTree = "<group>"; };
		851FD01A16227DD100EAB5F8 /* FirstViewController.m */ = {isa = PBXFileReference; lastKnownFileType = sourcecode.c.objc; path = FirstViewController.m; sourceTree = "<group>"; };
		851FD01C16227DD100EAB5F8 /* first.png */ = {isa = PBXFileReference; lastKnownFileType = image.png; path = first.png; sourceTree = "<group>"; };
		851FD01E16227DD100EAB5F8 /* first@2x.png */ = {isa = PBXFileReference; lastKnownFileType = image.png; path = "first@2x.png"; sourceTree = "<group>"; };
		851FD02016227DD100EAB5F8 /* SecondViewController.h */ = {isa = PBXFileReference; lastKnownFileType = sourcecode.c.h; path = SecondViewController.h; sourceTree = "<group>"; };
		851FD02116227DD100EAB5F8 /* SecondViewController.m */ = {isa = PBXFileReference; lastKnownFileType = sourcecode.c.objc; path = SecondViewController.m; sourceTree = "<group>"; };
		851FD02316227DD100EAB5F8 /* second.png */ = {isa = PBXFileReference; lastKnownFileType = image.png; path = second.png; sourceTree = "<group>"; };
		851FD02516227DD100EAB5F8 /* second@2x.png */ = {isa = PBXFileReference; lastKnownFileType = image.png; path = "second@2x.png"; sourceTree = "<group>"; };
		851FD02816227DD100EAB5F8 /* en */ = {isa = PBXFileReference; lastKnownFileType = file.xib; name = en; path = en.lproj/FirstViewController_iPhone.xib; sourceTree = "<group>"; };
		851FD02B16227DD100EAB5F8 /* en */ = {isa = PBXFileReference; lastKnownFileType = file.xib; name = en; path = en.lproj/FirstViewController_iPad.xib; sourceTree = "<group>"; };
		851FD02E16227DD100EAB5F8 /* en */ = {isa = PBXFileReference; lastKnownFileType = file.xib; name = en; path = en.lproj/SecondViewController_iPhone.xib; sourceTree = "<group>"; };
		851FD03116227DD100EAB5F8 /* en */ = {isa = PBXFileReference; lastKnownFileType = file.xib; name = en; path = en.lproj/SecondViewController_iPad.xib; sourceTree = "<group>"; };
/* End PBXFileReference section */

/* Begin PBXFrameworksBuildPhase section */
		851FCFFA16227DD100EAB5F8 /* Frameworks */ = {
			isa = PBXFrameworksBuildPhase;
			buildActionMask = 2147483647;
			files = (
				851FD00216227DD100EAB5F8 /* UIKit.framework in Frameworks */,
				851FD00416227DD100EAB5F8 /* Foundation.framework in Frameworks */,
				851FD00616227DD100EAB5F8 /* CoreGraphics.framework in Frameworks */,
			);
			runOnlyForDeploymentPostprocessing = 0;
		};
/* End PBXFrameworksBuildPhase section */

/* Begin PBXGroup section */
		851FCFF216227DD100EAB5F8 = {
			isa = PBXGroup;
			children = (
				851FD00716227DD100EAB5F8 /* FreeStyle */,
				851FD00016227DD100EAB5F8 /* Frameworks */,
				851FCFFE16227DD100EAB5F8 /* Products */,
			);
			sourceTree = "<group>";
		};
		851FCFFE16227DD100EAB5F8 /* Products */ = {
			isa = PBXGroup;
			children = (
				851FCFFD16227DD100EAB5F8 /* FreeStyle.app */,
			);
			name = Products;
			sourceTree = "<group>";
		};
		851FD00016227DD100EAB5F8 /* Frameworks */ = {
			isa = PBXGroup;
			children = (
				851FD00116227DD100EAB5F8 /* UIKit.framework */,
				851FD00316227DD100EAB5F8 /* Foundation.framework */,
				851FD00516227DD100EAB5F8 /* CoreGraphics.framework */,
			);
			name = Frameworks;
			sourceTree = "<group>";
		};
		851FD00716227DD100EAB5F8 /* FreeStyle */ = {
			isa = PBXGroup;
			children = (
				851FD01016227DD100EAB5F8 /* AppDelegate.h */,
				851FD01116227DD100EAB5F8 /* AppDelegate.m */,
				851FD01916227DD100EAB5F8 /* FirstViewController.h */,
				851FD01A16227DD100EAB5F8 /* FirstViewController.m */,
				851FD01C16227DD100EAB5F8 /* first.png */,
				851FD01E16227DD100EAB5F8 /* first@2x.png */,
				851FD02016227DD100EAB5F8 /* SecondViewController.h */,
				851FD02116227DD100EAB5F8 /* SecondViewController.m */,
				851FD02316227DD100EAB5F8 /* second.png */,
				851FD02516227DD100EAB5F8 /* second@2x.png */,
				851FD02716227DD100EAB5F8 /* FirstViewController_iPhone.xib */,
				851FD02A16227DD100EAB5F8 /* FirstViewController_iPad.xib */,
				851FD02D16227DD100EAB5F8 /* SecondViewController_iPhone.xib */,
				851FD03016227DD100EAB5F8 /* SecondViewController_iPad.xib */,
				851FD00816227DD100EAB5F8 /* Supporting Files */,
			);
			path = FreeStyle;
			sourceTree = "<group>";
		};
		851FD00816227DD100EAB5F8 /* Supporting Files */ = {
			isa = PBXGroup;
			children = (
				851FD00916227DD100EAB5F8 /* FreeStyle-Info.plist */,
				851FD00A16227DD100EAB5F8 /* InfoPlist.strings */,
				851FD00D16227DD100EAB5F8 /* main.m */,
				851FD00F16227DD100EAB5F8 /* FreeStyle-Prefix.pch */,
				851FD01316227DD100EAB5F8 /* Default.png */,
				851FD01516227DD100EAB5F8 /* Default@2x.png */,
				851FD01716227DD100EAB5F8 /* Default-568h@2x.png */,
			);
			name = "Supporting Files";
			sourceTree = "<group>";
		};
/* End PBXGroup section */

/* Begin PBXNativeTarget section */
		851FCFFC16227DD100EAB5F8 /* FreeStyle */ = {
			isa = PBXNativeTarget;
			buildConfigurationList = 851FD03516227DD100EAB5F8 /* Build configuration list for PBXNativeTarget "FreeStyle" */;
			buildPhases = (
				851FCFF916227DD100EAB5F8 /* Sources */,
				851FCFFA16227DD100EAB5F8 /* Frameworks */,
				851FCFFB16227DD100EAB5F8 /* Resources */,
			);
			buildRules = (
			);
			dependencies = (
			);
			name = FreeStyle;
			productName = FreeStyle;
			productReference = 851FCFFD16227DD100EAB5F8 /* FreeStyle.app */;
			productType = "com.apple.product-type.application";
		};
/* End PBXNativeTarget section */

/* Begin PBXProject section */
		851FCFF416227DD100EAB5F8 /* Project object */ = {
			isa = PBXProject;
			attributes = {
				LastUpgradeCheck = 0450;
				ORGANIZATIONNAME = "DONG HA";
			};
			buildConfigurationList = 851FCFF716227DD100EAB5F8 /* Build configuration list for PBXProject "FreeStyle" */;
			compatibilityVersion = "Xcode 3.2";
			developmentRegion = English;
			hasScannedForEncodings = 0;
			knownRegions = (
				en,
			);
			mainGroup = 851FCFF216227DD100EAB5F8;
			productRefGroup = 851FCFFE16227DD100EAB5F8 /* Products */;
			projectDirPath = "";
			projectRoot = "";
			targets = (
				851FCFFC16227DD100EAB5F8 /* FreeStyle */,
			);
		};
/* End PBXProject section */

/* Begin PBXResourcesBuildPhase section */
		851FCFFB16227DD100EAB5F8 /* Resources */ = {
			isa = PBXResourcesBuildPhase;
			buildActionMask = 2147483647;
			files = (
				851FD00C16227DD100EAB5F8 /* InfoPlist.strings in Resources */,
				851FD01416227DD100EAB5F8 /* Default.png in Resources */,
				851FD01616227DD100EAB5F8 /* Default@2x.png in Resources */,
				851FD01816227DD100EAB5F8 /* Default-568h@2x.png in Resources */,
				851FD01D16227DD100EAB5F8 /* first.png in Resources */,
				851FD01F16227DD100EAB5F8 /* first@2x.png in Resources */,
				851FD02416227DD100EAB5F8 /* second.png in Resources */,
				851FD02616227DD100EAB5F8 /* second@2x.png in Resources */,
				851FD02916227DD100EAB5F8 /* FirstViewController_iPhone.xib in Resources */,
				851FD02C16227DD100EAB5F8 /* FirstViewController_iPad.xib in Resources */,
				851FD02F16227DD100EAB5F8 /* SecondViewController_iPhone.xib in Resources */,
				851FD03216227DD100EAB5F8 /* SecondViewController_iPad.xib in Resources */,
			);
			runOnlyForDeploymentPostprocessing = 0;
		};
/* End PBXResourcesBuildPhase section */

/* Begin PBXSourcesBuildPhase section */
		851FCFF916227DD100EAB5F8 /* Sources */ = {
			isa = PBXSourcesBuildPhase;
			buildActionMask = 2147483647;
			files = (
				851FD00E16227DD100EAB5F8 /* main.m in Sources */,
				851FD01216227DD100EAB5F8 /* AppDelegate.m in Sources */,
				851FD01B16227DD100EAB5F8 /* FirstViewController.m in Sources */,
				851FD02216227DD100EAB5F8 /* SecondViewController.m in Sources */,
			);
			runOnlyForDeploymentPostprocessing = 0;
		};
/* End PBXSourcesBuildPhase section */

/* Begin PBXVariantGroup section */
		851FD00A16227DD100EAB5F8 /* InfoPlist.strings */ = {
			isa = PBXVariantGroup;
			children = (
				851FD00B16227DD100EAB5F8 /* en */,
			);
			name = InfoPlist.strings;
			sourceTree = "<group>";
		};
		851FD02716227DD100EAB5F8 /* FirstViewController_iPhone.xib */ = {
			isa = PBXVariantGroup;
			children = (
				851FD02816227DD100EAB5F8 /* en */,
			);
			name = FirstViewController_iPhone.xib;
			sourceTree = "<group>";
		};
		851FD02A16227DD100EAB5F8 /* FirstViewController_iPad.xib */ = {
			isa = PBXVariantGroup;
			children = (
				851FD02B16227DD100EAB5F8 /* en */,
			);
			name = FirstViewController_iPad.xib;
			sourceTree = "<group>";
		};
		851FD02D16227DD100EAB5F8 /* SecondViewController_iPhone.xib */ = {
			isa = PBXVariantGroup;
			children = (
				851FD02E16227DD100EAB5F8 /* en */,
			);
			name = SecondViewController_iPhone.xib;
			sourceTree = "<group>";
		};
		851FD03016227DD100EAB5F8 /* SecondViewController_iPad.xib */ = {
			isa = PBXVariantGroup;
			children = (
				851FD03116227DD100EAB5F8 /* en */,
			);
			name = SecondViewController_iPad.xib;
			sourceTree = "<group>";
		};
/* End PBXVariantGroup section */

/* Begin XCBuildConfiguration section */
		851FD03316227DD100EAB5F8 /* Debug */ = {
			isa = XCBuildConfiguration;
			buildSettings = {
				ALWAYS_SEARCH_USER_PATHS = NO;
				CLANG_CXX_LANGUAGE_STANDARD = "gnu++0x";
				CLANG_CXX_LIBRARY = "libc++";
				CLANG_WARN_EMPTY_BODY = YES;
				CLANG_WARN__DUPLICATE_METHOD_MATCH = YES;
				CODE_SIGN_IDENTITY = "iPhone Developer: koji sakakura (C57MS845KH)";
				"CODE_SIGN_IDENTITY[sdk=iphoneos*]" = "iPhone Developer: koji sakakura (C57MS845KH)";
				COPY_PHASE_STRIP = NO;
				GCC_C_LANGUAGE_STANDARD = gnu99;
				GCC_DYNAMIC_NO_PIC = NO;
				GCC_OPTIMIZATION_LEVEL = 0;
				GCC_PREPROCESSOR_DEFINITIONS = (
					"DEBUG=1",
					"$(inherited)",
				);
				GCC_SYMBOLS_PRIVATE_EXTERN = NO;
				GCC_WARN_ABOUT_RETURN_TYPE = YES;
				GCC_WARN_UNINITIALIZED_AUTOS = YES;
				GCC_WARN_UNUSED_VARIABLE = YES;
				IPHONEOS_DEPLOYMENT_TARGET = 6.0;
				PROVISIONING_PROFILE = "E9D31CA6-8596-4A4B-8421-B697238CFC1B";
				"PROVISIONING_PROFILE[sdk=iphoneos*]" = "E9D31CA6-8596-4A4B-8421-B697238CFC1B";
				SDKROOT = iphoneos;
				TARGETED_DEVICE_FAMILY = "1,2";
			};
			name = Debug;
		};
		851FD03416227DD100EAB5F8 /* Release */ = {
			isa = XCBuildConfiguration;
			buildSettings = {
				ALWAYS_SEARCH_USER_PATHS = NO;
				CLANG_CXX_LANGUAGE_STANDARD = "gnu++0x";
				CLANG_CXX_LIBRARY = "libc++";
				CLANG_WARN_EMPTY_BODY = YES;
				CLANG_WARN__DUPLICATE_METHOD_MATCH = YES;
				CODE_SIGN_IDENTITY = "";
				"CODE_SIGN_IDENTITY[sdk=iphoneos*]" = "";
				COPY_PHASE_STRIP = YES;
				GCC_C_LANGUAGE_STANDARD = gnu99;
				GCC_WARN_ABOUT_RETURN_TYPE = YES;
				GCC_WARN_UNINITIALIZED_AUTOS = YES;
				GCC_WARN_UNUSED_VARIABLE = YES;
				IPHONEOS_DEPLOYMENT_TARGET = 6.0;
				OTHER_CFLAGS = "-DNS_BLOCK_ASSERTIONS=1";
				SDKROOT = iphoneos;
				TARGETED_DEVICE_FAMILY = "1,2";
				VALIDATE_PRODUCT = YES;
			};
			name = Release;
		};
		851FD03616227DD100EAB5F8 /* Debug */ = {
			isa = XCBuildConfiguration;
			buildSettings = {
				CODE_SIGN_IDENTITY = "iPhone Developer: koji sakakura (C57MS845KH)";
				"CODE_SIGN_IDENTITY[sdk=iphoneos*]" = "iPhone Developer: koji sakakura (C57MS845KH)";
				GCC_PRECOMPILE_PREFIX_HEADER = YES;
				GCC_PREFIX_HEADER = "FreeStyle/FreeStyle-Prefix.pch";
				INFOPLIST_FILE = "FreeStyle/FreeStyle-Info.plist";
				PRODUCT_NAME = "$(TARGET_NAME)";
				PROVISIONING_PROFILE = "E9D31CA6-8596-4A4B-8421-B697238CFC1B";
				"PROVISIONING_PROFILE[sdk=iphoneos*]" = "E9D31CA6-8596-4A4B-8421-B697238CFC1B";
				TARGETED_DEVICE_FAMILY = "1,2";
				WRAPPER_EXTENSION = app;
			};
			name = Debug;
		};
		851FD03716227DD100EAB5F8 /* Release */ = {
			isa = XCBuildConfiguration;
			buildSettings = {
				CODE_SIGN_IDENTITY = "";
				GCC_PRECOMPILE_PREFIX_HEADER = YES;
				GCC_PREFIX_HEADER = "FreeStyle/FreeStyle-Prefix.pch";
				INFOPLIST_FILE = "FreeStyle/FreeStyle-Info.plist";
				PRODUCT_NAME = "$(TARGET_NAME)";
				TARGETED_DEVICE_FAMILY = "1,2";
				WRAPPER_EXTENSION = app;
			};
			name = Release;
		};
/* End XCBuildConfiguration section */

/* Begin XCConfigurationList section */
		851FCFF716227DD100EAB5F8 /* Build configuration list for PBXProject "FreeStyle" */ = {
			isa = XCConfigurationList;
			buildConfigurations = (
				851FD03316227DD100EAB5F8 /* Debug */,
				851FD03416227DD100EAB5F8 /* Release */,
			);
			defaultConfigurationIsVisible = 0;
			defaultConfigurationName = Release;
		};
		851FD03516227DD100EAB5F8 /* Build configuration list for PBXNativeTarget "FreeStyle" */ = {
			isa = XCConfigurationList;
			buildConfigurations = (
				851FD03616227DD100EAB5F8 /* Debug */,
				851FD03716227DD100EAB5F8 /* Release */,
			);
			defaultConfigurationIsVisible = 0;
			defaultConfigurationName = Release;
		};
/* End XCConfigurationList section */
	};
	rootObject = 851FCFF416227DD100EAB5F8 /* Project object */;
}
