// !$*UTF8*$!
{
	archiveVersion = 1;
	classes = {
	};
	objectVersion = 46;
	objects = {

/* Begin PBXBuildFile section */
		856E8802162545520022F909 /* SenTestingKit.framework in Frameworks */ = {isa = PBXBuildFile; fileRef = 856E87F9162544E60022F909 /* SenTestingKit.framework */; };
		856E8803162545520022F909 /* UIKit.framework in Frameworks */ = {isa = PBXBuildFile; fileRef = 85C6ECFD162420730096909F /* UIKit.framework */; };
		856E8804162545520022F909 /* Foundation.framework in Frameworks */ = {isa = PBXBuildFile; fileRef = 85C6ECFF162420730096909F /* Foundation.framework */; };
		856E880A162545520022F909 /* InfoPlist.strings in Resources */ = {isa = PBXBuildFile; fileRef = 856E8808162545520022F909 /* InfoPlist.strings */; };
		856E880D162545520022F909 /* UnitTest.m in Sources */ = {isa = PBXBuildFile; fileRef = 856E880C162545520022F909 /* UnitTest.m */; };
		85C6ECFE162420730096909F /* UIKit.framework in Frameworks */ = {isa = PBXBuildFile; fileRef = 85C6ECFD162420730096909F /* UIKit.framework */; };
		85C6ED00162420730096909F /* Foundation.framework in Frameworks */ = {isa = PBXBuildFile; fileRef = 85C6ECFF162420730096909F /* Foundation.framework */; };
		85C6ED02162420730096909F /* CoreGraphics.framework in Frameworks */ = {isa = PBXBuildFile; fileRef = 85C6ED01162420730096909F /* CoreGraphics.framework */; };
		85C6ED08162420730096909F /* InfoPlist.strings in Resources */ = {isa = PBXBuildFile; fileRef = 85C6ED06162420730096909F /* InfoPlist.strings */; };
		85C6ED0A162420730096909F /* main.m in Sources */ = {isa = PBXBuildFile; fileRef = 85C6ED09162420730096909F /* main.m */; };
		85C6ED0E162420730096909F /* AppDelegate.m in Sources */ = {isa = PBXBuildFile; fileRef = 85C6ED0D162420730096909F /* AppDelegate.m */; };
		85C6ED10162420730096909F /* Default.png in Resources */ = {isa = PBXBuildFile; fileRef = 85C6ED0F162420730096909F /* Default.png */; };
		85C6ED12162420730096909F /* Default@2x.png in Resources */ = {isa = PBXBuildFile; fileRef = 85C6ED11162420730096909F /* Default@2x.png */; };
		85C6ED14162420730096909F /* Default-568h@2x.png in Resources */ = {isa = PBXBuildFile; fileRef = 85C6ED13162420730096909F /* Default-568h@2x.png */; };
		85C6ED17162420730096909F /* ViewController.m in Sources */ = {isa = PBXBuildFile; fileRef = 85C6ED16162420730096909F /* ViewController.m */; };
		85C6ED1A162420730096909F /* ViewController_iPhone.xib in Resources */ = {isa = PBXBuildFile; fileRef = 85C6ED18162420730096909F /* ViewController_iPhone.xib */; };
		85C6ED1D162420730096909F /* ViewController_iPad.xib in Resources */ = {isa = PBXBuildFile; fileRef = 85C6ED1B162420730096909F /* ViewController_iPad.xib */; };
/* End PBXBuildFile section */

/* Begin PBXContainerItemProxy section */
		856E8812162545900022F909 /* PBXContainerItemProxy */ = {
			isa = PBXContainerItemProxy;
			containerPortal = 85C6ECF0162420730096909F /* Project object */;
			proxyType = 1;
			remoteGlobalIDString = 85C6ECF8162420730096909F;
			remoteInfo = tmp;
		};
/* End PBXContainerItemProxy section */

/* Begin PBXFileReference section */
		856E87F9162544E60022F909 /* SenTestingKit.framework */ = {isa = PBXFileReference; lastKnownFileType = wrapper.framework; name = SenTestingKit.framework; path = Library/Frameworks/SenTestingKit.framework; sourceTree = DEVELOPER_DIR; };
		856E8801162545520022F909 /* UnitTest.octest */ = {isa = PBXFileReference; explicitFileType = wrapper.cfbundle; includeInIndex = 0; path = UnitTest.octest; sourceTree = BUILT_PRODUCTS_DIR; };
		856E8807162545520022F909 /* UnitTest-Info.plist */ = {isa = PBXFileReference; lastKnownFileType = text.plist.xml; path = "UnitTest-Info.plist"; sourceTree = "<group>"; };
		856E8809162545520022F909 /* en */ = {isa = PBXFileReference; lastKnownFileType = text.plist.strings; name = en; path = en.lproj/InfoPlist.strings; sourceTree = "<group>"; };
		856E880B162545520022F909 /* UnitTest.h */ = {isa = PBXFileReference; lastKnownFileType = sourcecode.c.h; path = UnitTest.h; sourceTree = "<group>"; };
		856E880C162545520022F909 /* UnitTest.m */ = {isa = PBXFileReference; lastKnownFileType = sourcecode.c.objc; path = UnitTest.m; sourceTree = "<group>"; };
		856E880E162545520022F909 /* UnitTest-Prefix.pch */ = {isa = PBXFileReference; lastKnownFileType = sourcecode.c.h; path = "UnitTest-Prefix.pch"; sourceTree = "<group>"; };
		85BBEA1E1625312C00F386ED /* Unit Test-Info.plist */ = {isa = PBXFileReference; lastKnownFileType = text.plist.xml; path = "Unit Test-Info.plist"; sourceTree = "<group>"; };
		85BBEA201625312C00F386ED /* en */ = {isa = PBXFileReference; lastKnownFileType = text.plist.strings; name = en; path = en.lproj/InfoPlist.strings; sourceTree = "<group>"; };
		85BBEA221625312C00F386ED /* main.m */ = {isa = PBXFileReference; lastKnownFileType = sourcecode.c.objc; path = main.m; sourceTree = "<group>"; };
		85BBEA241625312C00F386ED /* Unit Test-Prefix.pch */ = {isa = PBXFileReference; lastKnownFileType = sourcecode.c.h; path = "Unit Test-Prefix.pch"; sourceTree = "<group>"; };
		85BBEA251625312C00F386ED /* AppDelegate.h */ = {isa = PBXFileReference; lastKnownFileType = sourcecode.c.h; path = AppDelegate.h; sourceTree = "<group>"; };
		85BBEA261625312C00F386ED /* AppDelegate.m */ = {isa = PBXFileReference; lastKnownFileType = sourcecode.c.objc; path = AppDelegate.m; sourceTree = "<group>"; };
		85BBEA281625312C00F386ED /* Default.png */ = {isa = PBXFileReference; lastKnownFileType = image.png; path = Default.png; sourceTree = "<group>"; };
		85BBEA2A1625312C00F386ED /* Default@2x.png */ = {isa = PBXFileReference; lastKnownFileType = image.png; path = "Default@2x.png"; sourceTree = "<group>"; };
		85BBEA2C1625312C00F386ED /* Default-568h@2x.png */ = {isa = PBXFileReference; lastKnownFileType = image.png; path = "Default-568h@2x.png"; sourceTree = "<group>"; };
		85BBEA2E1625312C00F386ED /* ViewController.h */ = {isa = PBXFileReference; lastKnownFileType = sourcecode.c.h; path = ViewController.h; sourceTree = "<group>"; };
		85BBEA2F1625312C00F386ED /* ViewController.m */ = {isa = PBXFileReference; lastKnownFileType = sourcecode.c.objc; path = ViewController.m; sourceTree = "<group>"; };
		85BBEA321625312C00F386ED /* en */ = {isa = PBXFileReference; lastKnownFileType = file.xib; name = en; path = en.lproj/ViewController_iPhone.xib; sourceTree = "<group>"; };
		85BBEA351625312C00F386ED /* en */ = {isa = PBXFileReference; lastKnownFileType = file.xib; name = en; path = en.lproj/ViewController_iPad.xib; sourceTree = "<group>"; };
		85C6ECF9162420730096909F /* tmp.app */ = {isa = PBXFileReference; explicitFileType = wrapper.application; includeInIndex = 0; path = tmp.app; sourceTree = BUILT_PRODUCTS_DIR; };
		85C6ECFD162420730096909F /* UIKit.framework */ = {isa = PBXFileReference; lastKnownFileType = wrapper.framework; name = UIKit.framework; path = System/Library/Frameworks/UIKit.framework; sourceTree = SDKROOT; };
		85C6ECFF162420730096909F /* Foundation.framework */ = {isa = PBXFileReference; lastKnownFileType = wrapper.framework; name = Foundation.framework; path = System/Library/Frameworks/Foundation.framework; sourceTree = SDKROOT; };
		85C6ED01162420730096909F /* CoreGraphics.framework */ = {isa = PBXFileReference; lastKnownFileType = wrapper.framework; name = CoreGraphics.framework; path = System/Library/Frameworks/CoreGraphics.framework; sourceTree = SDKROOT; };
		85C6ED05162420730096909F /* tmp-Info.plist */ = {isa = PBXFileReference; lastKnownFileType = text.plist.xml; path = "tmp-Info.plist"; sourceTree = "<group>"; };
		85C6ED07162420730096909F /* en */ = {isa = PBXFileReference; lastKnownFileType = text.plist.strings; name = en; path = en.lproj/InfoPlist.strings; sourceTree = "<group>"; };
		85C6ED09162420730096909F /* main.m */ = {isa = PBXFileReference; lastKnownFileType = sourcecode.c.objc; path = main.m; sourceTree = "<group>"; };
		85C6ED0B162420730096909F /* tmp-Prefix.pch */ = {isa = PBXFileReference; lastKnownFileType = sourcecode.c.h; path = "tmp-Prefix.pch"; sourceTree = "<group>"; };
		85C6ED0C162420730096909F /* AppDelegate.h */ = {isa = PBXFileReference; lastKnownFileType = sourcecode.c.h; path = AppDelegate.h; sourceTree = "<group>"; };
		85C6ED0D162420730096909F /* AppDelegate.m */ = {isa = PBXFileReference; lastKnownFileType = sourcecode.c.objc; path = AppDelegate.m; sourceTree = "<group>"; };
		85C6ED0F162420730096909F /* Default.png */ = {isa = PBXFileReference; lastKnownFileType = image.png; path = Default.png; sourceTree = "<group>"; };
		85C6ED11162420730096909F /* Default@2x.png */ = {isa = PBXFileReference; lastKnownFileType = image.png; path = "Default@2x.png"; sourceTree = "<group>"; };
		85C6ED13162420730096909F /* Default-568h@2x.png */ = {isa = PBXFileReference; lastKnownFileType = image.png; path = "Default-568h@2x.png"; sourceTree = "<group>"; };
		85C6ED15162420730096909F /* ViewController.h */ = {isa = PBXFileReference; lastKnownFileType = sourcecode.c.h; path = ViewController.h; sourceTree = "<group>"; };
		85C6ED16162420730096909F /* ViewController.m */ = {isa = PBXFileReference; lastKnownFileType = sourcecode.c.objc; path = ViewController.m; sourceTree = "<group>"; };
		85C6ED19162420730096909F /* en */ = {isa = PBXFileReference; lastKnownFileType = file.xib; name = en; path = en.lproj/ViewController_iPhone.xib; sourceTree = "<group>"; };
		85C6ED1C162420730096909F /* en */ = {isa = PBXFileReference; lastKnownFileType = file.xib; name = en; path = en.lproj/ViewController_iPad.xib; sourceTree = "<group>"; };
/* End PBXFileReference section */

/* Begin PBXFrameworksBuildPhase section */
		856E87FD162545520022F909 /* Frameworks */ = {
			isa = PBXFrameworksBuildPhase;
			buildActionMask = 2147483647;
			files = (
				856E8802162545520022F909 /* SenTestingKit.framework in Frameworks */,
				856E8803162545520022F909 /* UIKit.framework in Frameworks */,
				856E8804162545520022F909 /* Foundation.framework in Frameworks */,
			);
			runOnlyForDeploymentPostprocessing = 0;
		};
		85C6ECF6162420730096909F /* Frameworks */ = {
			isa = PBXFrameworksBuildPhase;
			buildActionMask = 2147483647;
			files = (
				85C6ECFE162420730096909F /* UIKit.framework in Frameworks */,
				85C6ED00162420730096909F /* Foundation.framework in Frameworks */,
				85C6ED02162420730096909F /* CoreGraphics.framework in Frameworks */,
			);
			runOnlyForDeploymentPostprocessing = 0;
		};
/* End PBXFrameworksBuildPhase section */

/* Begin PBXGroup section */
		856E8805162545520022F909 /* UnitTest */ = {
			isa = PBXGroup;
			children = (
				856E880B162545520022F909 /* UnitTest.h */,
				856E880C162545520022F909 /* UnitTest.m */,
				856E8806162545520022F909 /* Supporting Files */,
			);
			path = UnitTest;
			sourceTree = "<group>";
		};
		856E8806162545520022F909 /* Supporting Files */ = {
			isa = PBXGroup;
			children = (
				856E8807162545520022F909 /* UnitTest-Info.plist */,
				856E8808162545520022F909 /* InfoPlist.strings */,
				856E880E162545520022F909 /* UnitTest-Prefix.pch */,
			);
			name = "Supporting Files";
			sourceTree = "<group>";
		};
		85BBEA1C1625312C00F386ED /* Unit Test */ = {
			isa = PBXGroup;
			children = (
				85BBEA251625312C00F386ED /* AppDelegate.h */,
				85BBEA261625312C00F386ED /* AppDelegate.m */,
				85BBEA2E1625312C00F386ED /* ViewController.h */,
				85BBEA2F1625312C00F386ED /* ViewController.m */,
				85BBEA311625312C00F386ED /* ViewController_iPhone.xib */,
				85BBEA341625312C00F386ED /* ViewController_iPad.xib */,
				85BBEA1D1625312C00F386ED /* Supporting Files */,
			);
			path = "Unit Test";
			sourceTree = "<group>";
		};
		85BBEA1D1625312C00F386ED /* Supporting Files */ = {
			isa = PBXGroup;
			children = (
				85BBEA1E1625312C00F386ED /* Unit Test-Info.plist */,
				85BBEA1F1625312C00F386ED /* InfoPlist.strings */,
				85BBEA221625312C00F386ED /* main.m */,
				85BBEA241625312C00F386ED /* Unit Test-Prefix.pch */,
				85BBEA281625312C00F386ED /* Default.png */,
				85BBEA2A1625312C00F386ED /* Default@2x.png */,
				85BBEA2C1625312C00F386ED /* Default-568h@2x.png */,
			);
			name = "Supporting Files";
			sourceTree = "<group>";
		};
		85C6ECEE162420730096909F = {
			isa = PBXGroup;
			children = (
				85C6ED03162420730096909F /* tmp */,
				85BBEA1C1625312C00F386ED /* Unit Test */,
				856E8805162545520022F909 /* UnitTest */,
				85C6ECFC162420730096909F /* Frameworks */,
				85C6ECFA162420730096909F /* Products */,
			);
			sourceTree = "<group>";
		};
		85C6ECFA162420730096909F /* Products */ = {
			isa = PBXGroup;
			children = (
				85C6ECF9162420730096909F /* tmp.app */,
				856E8801162545520022F909 /* UnitTest.octest */,
			);
			name = Products;
			sourceTree = "<group>";
		};
		85C6ECFC162420730096909F /* Frameworks */ = {
			isa = PBXGroup;
			children = (
				856E87F9162544E60022F909 /* SenTestingKit.framework */,
				85C6ECFD162420730096909F /* UIKit.framework */,
				85C6ECFF162420730096909F /* Foundation.framework */,
				85C6ED01162420730096909F /* CoreGraphics.framework */,
			);
			name = Frameworks;
			sourceTree = "<group>";
		};
		85C6ED03162420730096909F /* tmp */ = {
			isa = PBXGroup;
			children = (
				85C6ED0C162420730096909F /* AppDelegate.h */,
				85C6ED0D162420730096909F /* AppDelegate.m */,
				85C6ED15162420730096909F /* ViewController.h */,
				85C6ED16162420730096909F /* ViewController.m */,
				85C6ED18162420730096909F /* ViewController_iPhone.xib */,
				85C6ED1B162420730096909F /* ViewController_iPad.xib */,
				85C6ED04162420730096909F /* Supporting Files */,
			);
			path = tmp;
			sourceTree = "<group>";
		};
		85C6ED04162420730096909F /* Supporting Files */ = {
			isa = PBXGroup;
			children = (
				85C6ED05162420730096909F /* tmp-Info.plist */,
				85C6ED06162420730096909F /* InfoPlist.strings */,
				85C6ED09162420730096909F /* main.m */,
				85C6ED0B162420730096909F /* tmp-Prefix.pch */,
				85C6ED0F162420730096909F /* Default.png */,
				85C6ED11162420730096909F /* Default@2x.png */,
				85C6ED13162420730096909F /* Default-568h@2x.png */,
			);
			name = "Supporting Files";
			sourceTree = "<group>";
		};
/* End PBXGroup section */

/* Begin PBXNativeTarget section */
		856E8800162545520022F909 /* UnitTest */ = {
			isa = PBXNativeTarget;
			buildConfigurationList = 856E880F162545520022F909 /* Build configuration list for PBXNativeTarget "UnitTest" */;
			buildPhases = (
				856E87FC162545520022F909 /* Sources */,
				856E87FD162545520022F909 /* Frameworks */,
				856E87FE162545520022F909 /* Resources */,
				856E87FF162545520022F909 /* ShellScript */,
			);
			buildRules = (
			);
			dependencies = (
				856E8813162545900022F909 /* PBXTargetDependency */,
			);
			name = UnitTest;
			productName = UnitTest;
			productReference = 856E8801162545520022F909 /* UnitTest.octest */;
			productType = "com.apple.product-type.bundle";
		};
		85C6ECF8162420730096909F /* tmp */ = {
			isa = PBXNativeTarget;
			buildConfigurationList = 85C6ED20162420730096909F /* Build configuration list for PBXNativeTarget "tmp" */;
			buildPhases = (
				85C6ECF5162420730096909F /* Sources */,
				85C6ECF6162420730096909F /* Frameworks */,
				85C6ECF7162420730096909F /* Resources */,
			);
			buildRules = (
			);
			dependencies = (
			);
			name = tmp;
			productName = tmp;
			productReference = 85C6ECF9162420730096909F /* tmp.app */;
			productType = "com.apple.product-type.application";
		};
/* End PBXNativeTarget section */

/* Begin PBXProject section */
		85C6ECF0162420730096909F /* Project object */ = {
			isa = PBXProject;
			attributes = {
				LastUpgradeCheck = 0450;
				ORGANIZATIONNAME = "DONG HA";
			};
			buildConfigurationList = 85C6ECF3162420730096909F /* Build configuration list for PBXProject "tmp" */;
			compatibilityVersion = "Xcode 3.2";
			developmentRegion = English;
			hasScannedForEncodings = 0;
			knownRegions = (
				en,
			);
			mainGroup = 85C6ECEE162420730096909F;
			productRefGroup = 85C6ECFA162420730096909F /* Products */;
			projectDirPath = "";
			projectRoot = "";
			targets = (
				85C6ECF8162420730096909F /* tmp */,
				856E8800162545520022F909 /* UnitTest */,
			);
		};
/* End PBXProject section */

/* Begin PBXResourcesBuildPhase section */
		856E87FE162545520022F909 /* Resources */ = {
			isa = PBXResourcesBuildPhase;
			buildActionMask = 2147483647;
			files = (
				856E880A162545520022F909 /* InfoPlist.strings in Resources */,
			);
			runOnlyForDeploymentPostprocessing = 0;
		};
		85C6ECF7162420730096909F /* Resources */ = {
			isa = PBXResourcesBuildPhase;
			buildActionMask = 2147483647;
			files = (
				85C6ED08162420730096909F /* InfoPlist.strings in Resources */,
				85C6ED10162420730096909F /* Default.png in Resources */,
				85C6ED12162420730096909F /* Default@2x.png in Resources */,
				85C6ED14162420730096909F /* Default-568h@2x.png in Resources */,
				85C6ED1A162420730096909F /* ViewController_iPhone.xib in Resources */,
				85C6ED1D162420730096909F /* ViewController_iPad.xib in Resources */,
			);
			runOnlyForDeploymentPostprocessing = 0;
		};
/* End PBXResourcesBuildPhase section */

/* Begin PBXShellScriptBuildPhase section */
		856E87FF162545520022F909 /* ShellScript */ = {
			isa = PBXShellScriptBuildPhase;
			buildActionMask = 2147483647;
			files = (
			);
			inputPaths = (
			);
			outputPaths = (
			);
			runOnlyForDeploymentPostprocessing = 0;
			shellPath = /bin/sh;
			shellScript = "# Run the unit tests in this test bundle.\n\"${SYSTEM_DEVELOPER_DIR}/Tools/RunUnitTests\"\n";
		};
/* End PBXShellScriptBuildPhase section */

/* Begin PBXSourcesBuildPhase section */
		856E87FC162545520022F909 /* Sources */ = {
			isa = PBXSourcesBuildPhase;
			buildActionMask = 2147483647;
			files = (
				856E880D162545520022F909 /* UnitTest.m in Sources */,
			);
			runOnlyForDeploymentPostprocessing = 0;
		};
		85C6ECF5162420730096909F /* Sources */ = {
			isa = PBXSourcesBuildPhase;
			buildActionMask = 2147483647;
			files = (
				85C6ED0A162420730096909F /* main.m in Sources */,
				85C6ED0E162420730096909F /* AppDelegate.m in Sources */,
				85C6ED17162420730096909F /* ViewController.m in Sources */,
			);
			runOnlyForDeploymentPostprocessing = 0;
		};
/* End PBXSourcesBuildPhase section */

/* Begin PBXTargetDependency section */
		856E8813162545900022F909 /* PBXTargetDependency */ = {
			isa = PBXTargetDependency;
			target = 85C6ECF8162420730096909F /* tmp */;
			targetProxy = 856E8812162545900022F909 /* PBXContainerItemProxy */;
		};
/* End PBXTargetDependency section */

/* Begin PBXVariantGroup section */
		856E8808162545520022F909 /* InfoPlist.strings */ = {
			isa = PBXVariantGroup;
			children = (
				856E8809162545520022F909 /* en */,
			);
			name = InfoPlist.strings;
			sourceTree = "<group>";
		};
		85BBEA1F1625312C00F386ED /* InfoPlist.strings */ = {
			isa = PBXVariantGroup;
			children = (
				85BBEA201625312C00F386ED /* en */,
			);
			name = InfoPlist.strings;
			sourceTree = "<group>";
		};
		85BBEA311625312C00F386ED /* ViewController_iPhone.xib */ = {
			isa = PBXVariantGroup;
			children = (
				85BBEA321625312C00F386ED /* en */,
			);
			name = ViewController_iPhone.xib;
			sourceTree = "<group>";
		};
		85BBEA341625312C00F386ED /* ViewController_iPad.xib */ = {
			isa = PBXVariantGroup;
			children = (
				85BBEA351625312C00F386ED /* en */,
			);
			name = ViewController_iPad.xib;
			sourceTree = "<group>";
		};
		85C6ED06162420730096909F /* InfoPlist.strings */ = {
			isa = PBXVariantGroup;
			children = (
				85C6ED07162420730096909F /* en */,
			);
			name = InfoPlist.strings;
			sourceTree = "<group>";
		};
		85C6ED18162420730096909F /* ViewController_iPhone.xib */ = {
			isa = PBXVariantGroup;
			children = (
				85C6ED19162420730096909F /* en */,
			);
			name = ViewController_iPhone.xib;
			sourceTree = "<group>";
		};
		85C6ED1B162420730096909F /* ViewController_iPad.xib */ = {
			isa = PBXVariantGroup;
			children = (
				85C6ED1C162420730096909F /* en */,
			);
			name = ViewController_iPad.xib;
			sourceTree = "<group>";
		};
/* End PBXVariantGroup section */

/* Begin XCBuildConfiguration section */
		856E8810162545520022F909 /* Debug */ = {
			isa = XCBuildConfiguration;
			buildSettings = {
				BUNDLE_LOADER = "$(BUILT_PRODUCTS_DIR)/tmp.app/tmp";
				CLANG_ENABLE_OBJC_ARC = YES;
				FRAMEWORK_SEARCH_PATHS = (
					"\"$(SDKROOT)/Developer/Library/Frameworks\"",
					"\"$(DEVELOPER_LIBRARY_DIR)/Frameworks\"",
				);
				GCC_PRECOMPILE_PREFIX_HEADER = YES;
				GCC_PREFIX_HEADER = "UnitTest/UnitTest-Prefix.pch";
				INFOPLIST_FILE = "UnitTest/UnitTest-Info.plist";
				OTHER_LDFLAGS = "-RegisterForSystemEvents";
				PRODUCT_NAME = "$(TARGET_NAME)";
				TEST_AFTER_BUILD = YES;
				TEST_HOST = "$(BUNDLE_LOADER)";
				WRAPPER_EXTENSION = octest;
			};
			name = Debug;
		};
		856E8811162545520022F909 /* Release */ = {
			isa = XCBuildConfiguration;
			buildSettings = {
				BUNDLE_LOADER = "$(BUILT_PRODUCTS_DIR)/tmp.app/tmp";
				CLANG_ENABLE_OBJC_ARC = YES;
				FRAMEWORK_SEARCH_PATHS = (
					"\"$(SDKROOT)/Developer/Library/Frameworks\"",
					"\"$(DEVELOPER_LIBRARY_DIR)/Frameworks\"",
				);
				GCC_PRECOMPILE_PREFIX_HEADER = YES;
				GCC_PREFIX_HEADER = "UnitTest/UnitTest-Prefix.pch";
				INFOPLIST_FILE = "UnitTest/UnitTest-Info.plist";
				OTHER_LDFLAGS = "-RegisterForSystemEvents";
				PRODUCT_NAME = "$(TARGET_NAME)";
				TEST_AFTER_BUILD = YES;
				TEST_HOST = "$(BUNDLE_LOADER)";
				WRAPPER_EXTENSION = octest;
			};
			name = Release;
		};
		85C6ED1E162420730096909F /* Debug */ = {
			isa = XCBuildConfiguration;
			buildSettings = {
				ALWAYS_SEARCH_USER_PATHS = NO;
				CLANG_CXX_LANGUAGE_STANDARD = "gnu++0x";
				CLANG_CXX_LIBRARY = "libc++";
				CLANG_WARN_EMPTY_BODY = YES;
				CLANG_WARN__DUPLICATE_METHOD_MATCH = YES;
				CODE_SIGN_IDENTITY = "iPhone Developer: koji sakakura (C57MS845KH)";
				"CODE_SIGN_IDENTITY[sdk=iphoneos*]" = "iPhone Developer: koji sakakura (C57MS845KH)";
				COPY_PHASE_STRIP = NO;
				GCC_C_LANGUAGE_STANDARD = gnu99;
				GCC_DYNAMIC_NO_PIC = NO;
				GCC_OPTIMIZATION_LEVEL = 0;
				GCC_PREPROCESSOR_DEFINITIONS = (
					"DEBUG=1",
					"$(inherited)",
				);
				GCC_SYMBOLS_PRIVATE_EXTERN = NO;
				GCC_WARN_ABOUT_RETURN_TYPE = YES;
				GCC_WARN_UNINITIALIZED_AUTOS = YES;
				GCC_WARN_UNUSED_VARIABLE = YES;
				IPHONEOS_DEPLOYMENT_TARGET = 6.0;
				PROVISIONING_PROFILE = "025C24D6-0F77-46E4-918A-ED14DE1E7518";
				"PROVISIONING_PROFILE[sdk=iphoneos*]" = "025C24D6-0F77-46E4-918A-ED14DE1E7518";
				SDKROOT = iphoneos;
				TARGETED_DEVICE_FAMILY = "1,2";
			};
			name = Debug;
		};
		85C6ED1F162420730096909F /* Release */ = {
			isa = XCBuildConfiguration;
			buildSettings = {
				ALWAYS_SEARCH_USER_PATHS = NO;
				CLANG_CXX_LANGUAGE_STANDARD = "gnu++0x";
				CLANG_CXX_LIBRARY = "libc++";
				CLANG_WARN_EMPTY_BODY = YES;
				CLANG_WARN__DUPLICATE_METHOD_MATCH = YES;
				CODE_SIGN_IDENTITY = "iPhone Distribution: Bappy.,Ltd.";
				"CODE_SIGN_IDENTITY[sdk=iphoneos*]" = "iPhone Distribution: Bappy.,Ltd.";
				COPY_PHASE_STRIP = YES;
				GCC_C_LANGUAGE_STANDARD = gnu99;
				GCC_WARN_ABOUT_RETURN_TYPE = YES;
				GCC_WARN_UNINITIALIZED_AUTOS = YES;
				GCC_WARN_UNUSED_VARIABLE = YES;
				IPHONEOS_DEPLOYMENT_TARGET = 6.0;
				OTHER_CFLAGS = "-DNS_BLOCK_ASSERTIONS=1";
				PROVISIONING_PROFILE = "AB71DEFD-C24B-4B64-A79E-0E091E6F89B6";
				"PROVISIONING_PROFILE[sdk=iphoneos*]" = "AB71DEFD-C24B-4B64-A79E-0E091E6F89B6";
				SDKROOT = iphoneos;
				TARGETED_DEVICE_FAMILY = "1,2";
				VALIDATE_PRODUCT = YES;
			};
			name = Release;
		};
		85C6ED21162420730096909F /* Debug */ = {
			isa = XCBuildConfiguration;
			buildSettings = {
				CODE_SIGN_IDENTITY = "iPhone Developer: koji sakakura (C57MS845KH)";
				GCC_PRECOMPILE_PREFIX_HEADER = YES;
				GCC_PREFIX_HEADER = "tmp/tmp-Prefix.pch";
				INFOPLIST_FILE = "tmp/tmp-Info.plist";
				PRODUCT_NAME = "$(TARGET_NAME)";
				PROVISIONING_PROFILE = "025C24D6-0F77-46E4-918A-ED14DE1E7518";
				WRAPPER_EXTENSION = app;
			};
			name = Debug;
		};
		85C6ED22162420730096909F /* Release */ = {
			isa = XCBuildConfiguration;
			buildSettings = {
				CODE_SIGN_IDENTITY = "iPhone Distribution: Bappy.,Ltd.";
				"CODE_SIGN_IDENTITY[sdk=iphoneos*]" = "iPhone Distribution: Bappy.,Ltd.";
				GCC_PRECOMPILE_PREFIX_HEADER = YES;
				GCC_PREFIX_HEADER = "tmp/tmp-Prefix.pch";
				INFOPLIST_FILE = "tmp/tmp-Info.plist";
				PRODUCT_NAME = "$(TARGET_NAME)";
				PROVISIONING_PROFILE = "AB71DEFD-C24B-4B64-A79E-0E091E6F89B6";
				"PROVISIONING_PROFILE[sdk=iphoneos*]" = "AB71DEFD-C24B-4B64-A79E-0E091E6F89B6";
				WRAPPER_EXTENSION = app;
			};
			name = Release;
		};
/* End XCBuildConfiguration section */

/* Begin XCConfigurationList section */
		856E880F162545520022F909 /* Build configuration list for PBXNativeTarget "UnitTest" */ = {
			isa = XCConfigurationList;
			buildConfigurations = (
				856E8810162545520022F909 /* Debug */,
				856E8811162545520022F909 /* Release */,
			);
			defaultConfigurationIsVisible = 0;
			defaultConfigurationName = Release;
		};
		85C6ECF3162420730096909F /* Build configuration list for PBXProject "tmp" */ = {
			isa = XCConfigurationList;
			buildConfigurations = (
				85C6ED1E162420730096909F /* Debug */,
				85C6ED1F162420730096909F /* Release */,
			);
			defaultConfigurationIsVisible = 0;
			defaultConfigurationName = Release;
		};
		85C6ED20162420730096909F /* Build configuration list for PBXNativeTarget "tmp" */ = {
			isa = XCConfigurationList;
			buildConfigurations = (
				85C6ED21162420730096909F /* Debug */,
				85C6ED22162420730096909F /* Release */,
			);
			defaultConfigurationIsVisible = 0;
			defaultConfigurationName = Release;
		};
/* End XCConfigurationList section */
	};
	rootObject = 85C6ECF0162420730096909F /* Project object */;
}
