// !$*UTF8*$!
{
	archiveVersion = 1;
	classes = {
	};
	objectVersion = 46;
	objects = {

/* Begin PBXBuildFile section */
		F8FBD60B1391E49800D7D14E /* UIKit.framework in Frameworks */ = {isa = PBXBuildFile; fileRef = F8FBD60A1391E49800D7D14E /* UIKit.framework */; };
		F8FBD60D1391E49800D7D14E /* Foundation.framework in Frameworks */ = {isa = PBXBuildFile; fileRef = F8FBD60C1391E49800D7D14E /* Foundation.framework */; };
		F8FBD60F1391E49800D7D14E /* CoreGraphics.framework in Frameworks */ = {isa = PBXBuildFile; fileRef = F8FBD60E1391E49800D7D14E /* CoreGraphics.framework */; };
		F8FBD6151391E49800D7D14E /* InfoPlist.strings in Resources */ = {isa = PBXBuildFile; fileRef = F8FBD6131391E49800D7D14E /* InfoPlist.strings */; };
		F8FBD6181391E49800D7D14E /* main.m in Sources */ = {isa = PBXBuildFile; fileRef = F8FBD6171391E49800D7D14E /* main.m */; };
		F8FBD61B1391E49800D7D14E /* MyProjAppDelegate.m in Sources */ = {isa = PBXBuildFile; fileRef = F8FBD61A1391E49800D7D14E /* MyProjAppDelegate.m */; };
		F8FBD61E1391E49800D7D14E /* MainWindow.xib in Resources */ = {isa = PBXBuildFile; fileRef = F8FBD61C1391E49800D7D14E /* MainWindow.xib */; };
		F8FBD6211391E49800D7D14E /* MyProjViewController.m in Sources */ = {isa = PBXBuildFile; fileRef = F8FBD6201391E49800D7D14E /* MyProjViewController.m */; };
		F8FBD6241391E49800D7D14E /* MyProjViewController.xib in Resources */ = {isa = PBXBuildFile; fileRef = F8FBD6221391E49800D7D14E /* MyProjViewController.xib */; };
		F8FBD6301391E4A800D7D14E /* UIKit.framework in Frameworks */ = {isa = PBXBuildFile; fileRef = F8FBD60A1391E49800D7D14E /* UIKit.framework */; };
		F8FBD6311391E4A800D7D14E /* Foundation.framework in Frameworks */ = {isa = PBXBuildFile; fileRef = F8FBD60C1391E49800D7D14E /* Foundation.framework */; };
		F8FBD6321391E4A800D7D14E /* CoreGraphics.framework in Frameworks */ = {isa = PBXBuildFile; fileRef = F8FBD60E1391E49800D7D14E /* CoreGraphics.framework */; };
		F8FBD6381391E4A900D7D14E /* InfoPlist.strings in Resources */ = {isa = PBXBuildFile; fileRef = F8FBD6361391E4A900D7D14E /* InfoPlist.strings */; };
		F8FBD64C1391E4D100D7D14E /* GHUnitIOS.framework in Frameworks */ = {isa = PBXBuildFile; fileRef = F8FBD64B1391E4D100D7D14E /* GHUnitIOS.framework */; };
		F8FBD64E1391E51100D7D14E /* GHUnitIOSTestMain.m in Sources */ = {isa = PBXBuildFile; fileRef = F8FBD64D1391E51100D7D14E /* GHUnitIOSTestMain.m */; };
		F8FBD6511391E6CF00D7D14E /* SampleTestCase.m in Sources */ = {isa = PBXBuildFile; fileRef = F8FBD6501391E6CF00D7D14E /* SampleTestCase.m */; };
		F8FBD6541391ECB600D7D14E /* libOCMock.a in Frameworks */ = {isa = PBXBuildFile; fileRef = F8FBD6531391ECB600D7D14E /* libOCMock.a */; };
/* End PBXBuildFile section */

/* Begin PBXFileReference section */
		F8FBD6061391E49800D7D14E /* MyProj.app */ = {isa = PBXFileReference; explicitFileType = wrapper.application; includeInIndex = 0; path = MyProj.app; sourceTree = BUILT_PRODUCTS_DIR; };
		F8FBD60A1391E49800D7D14E /* UIKit.framework */ = {isa = PBXFileReference; lastKnownFileType = wrapper.framework; name = UIKit.framework; path = System/Library/Frameworks/UIKit.framework; sourceTree = SDKROOT; };
		F8FBD60C1391E49800D7D14E /* Foundation.framework */ = {isa = PBXFileReference; lastKnownFileType = wrapper.framework; name = Foundation.framework; path = System/Library/Frameworks/Foundation.framework; sourceTree = SDKROOT; };
		F8FBD60E1391E49800D7D14E /* CoreGraphics.framework */ = {isa = PBXFileReference; lastKnownFileType = wrapper.framework; name = CoreGraphics.framework; path = System/Library/Frameworks/CoreGraphics.framework; sourceTree = SDKROOT; };
		F8FBD6121391E49800D7D14E /* MyProj-Info.plist */ = {isa = PBXFileReference; lastKnownFileType = text.plist.xml; path = "MyProj-Info.plist"; sourceTree = "<group>"; };
		F8FBD6141391E49800D7D14E /* en */ = {isa = PBXFileReference; lastKnownFileType = text.plist.strings; name = en; path = en.lproj/InfoPlist.strings; sourceTree = "<group>"; };
		F8FBD6161391E49800D7D14E /* MyProj-Prefix.pch */ = {isa = PBXFileReference; lastKnownFileType = sourcecode.c.h; path = "MyProj-Prefix.pch"; sourceTree = "<group>"; };
		F8FBD6171391E49800D7D14E /* main.m */ = {isa = PBXFileReference; lastKnownFileType = sourcecode.c.objc; path = main.m; sourceTree = "<group>"; };
		F8FBD6191391E49800D7D14E /* MyProjAppDelegate.h */ = {isa = PBXFileReference; lastKnownFileType = sourcecode.c.h; path = MyProjAppDelegate.h; sourceTree = "<group>"; };
		F8FBD61A1391E49800D7D14E /* MyProjAppDelegate.m */ = {isa = PBXFileReference; lastKnownFileType = sourcecode.c.objc; path = MyProjAppDelegate.m; sourceTree = "<group>"; };
		F8FBD61D1391E49800D7D14E /* en */ = {isa = PBXFileReference; lastKnownFileType = file.xib; name = en; path = en.lproj/MainWindow.xib; sourceTree = "<group>"; };
		F8FBD61F1391E49800D7D14E /* MyProjViewController.h */ = {isa = PBXFileReference; lastKnownFileType = sourcecode.c.h; path = MyProjViewController.h; sourceTree = "<group>"; };
		F8FBD6201391E49800D7D14E /* MyProjViewController.m */ = {isa = PBXFileReference; lastKnownFileType = sourcecode.c.objc; path = MyProjViewController.m; sourceTree = "<group>"; };
		F8FBD6231391E49800D7D14E /* en */ = {isa = PBXFileReference; lastKnownFileType = file.xib; name = en; path = en.lproj/MyProjViewController.xib; sourceTree = "<group>"; };
		F8FBD62E1391E4A800D7D14E /* MyProjTests.app */ = {isa = PBXFileReference; explicitFileType = wrapper.application; includeInIndex = 0; path = MyProjTests.app; sourceTree = BUILT_PRODUCTS_DIR; };
		F8FBD6351391E4A800D7D14E /* MyProjTests-Info.plist */ = {isa = PBXFileReference; lastKnownFileType = text.plist.xml; path = "MyProjTests-Info.plist"; sourceTree = "<group>"; };
		F8FBD6371391E4A900D7D14E /* en */ = {isa = PBXFileReference; lastKnownFileType = text.plist.strings; name = en; path = en.lproj/InfoPlist.strings; sourceTree = "<group>"; };
		F8FBD6391391E4A900D7D14E /* MyProjTests-Prefix.pch */ = {isa = PBXFileReference; lastKnownFileType = sourcecode.c.h; path = "MyProjTests-Prefix.pch"; sourceTree = "<group>"; };
		F8FBD64B1391E4D100D7D14E /* GHUnitIOS.framework */ = {isa = PBXFileReference; lastKnownFileType = wrapper.framework; path = GHUnitIOS.framework; sourceTree = "<group>"; };
		F8FBD64D1391E51100D7D14E /* GHUnitIOSTestMain.m */ = {isa = PBXFileReference; fileEncoding = 4; lastKnownFileType = sourcecode.c.objc; path = GHUnitIOSTestMain.m; sourceTree = "<group>"; };
		F8FBD6501391E6CF00D7D14E /* SampleTestCase.m */ = {isa = PBXFileReference; fileEncoding = 4; lastKnownFileType = sourcecode.c.objc; path = SampleTestCase.m; sourceTree = "<group>"; };
		F8FBD6531391ECB600D7D14E /* libOCMock.a */ = {isa = PBXFileReference; lastKnownFileType = archive.ar; path = libOCMock.a; sourceTree = "<group>"; };
		F8FBD6561391EF4400D7D14E /* NSNotificationCenter+OCMAdditions.h */ = {isa = PBXFileReference; fileEncoding = 4; lastKnownFileType = sourcecode.c.h; path = "NSNotificationCenter+OCMAdditions.h"; sourceTree = "<group>"; };
		F8FBD6571391EF4400D7D14E /* OCMArg.h */ = {isa = PBXFileReference; fileEncoding = 4; lastKnownFileType = sourcecode.c.h; path = OCMArg.h; sourceTree = "<group>"; };
		F8FBD6581391EF4400D7D14E /* OCMConstraint.h */ = {isa = PBXFileReference; fileEncoding = 4; lastKnownFileType = sourcecode.c.h; path = OCMConstraint.h; sourceTree = "<group>"; };
		F8FBD6591391EF4400D7D14E /* OCMock.h */ = {isa = PBXFileReference; fileEncoding = 4; lastKnownFileType = sourcecode.c.h; path = OCMock.h; sourceTree = "<group>"; };
		F8FBD65A1391EF4400D7D14E /* OCMockObject.h */ = {isa = PBXFileReference; fileEncoding = 4; lastKnownFileType = sourcecode.c.h; path = OCMockObject.h; sourceTree = "<group>"; };
		F8FBD65B1391EF4400D7D14E /* OCMockRecorder.h */ = {isa = PBXFileReference; fileEncoding = 4; lastKnownFileType = sourcecode.c.h; path = OCMockRecorder.h; sourceTree = "<group>"; };
/* End PBXFileReference section */

/* Begin PBXFrameworksBuildPhase section */
		F8FBD6031391E49800D7D14E /* Frameworks */ = {
			isa = PBXFrameworksBuildPhase;
			buildActionMask = 2147483647;
			files = (
				F8FBD60B1391E49800D7D14E /* UIKit.framework in Frameworks */,
				F8FBD60D1391E49800D7D14E /* Foundation.framework in Frameworks */,
				F8FBD60F1391E49800D7D14E /* CoreGraphics.framework in Frameworks */,
			);
			runOnlyForDeploymentPostprocessing = 0;
		};
		F8FBD62B1391E4A800D7D14E /* Frameworks */ = {
			isa = PBXFrameworksBuildPhase;
			buildActionMask = 2147483647;
			files = (
				F8FBD64C1391E4D100D7D14E /* GHUnitIOS.framework in Frameworks */,
				F8FBD6301391E4A800D7D14E /* UIKit.framework in Frameworks */,
				F8FBD6311391E4A800D7D14E /* Foundation.framework in Frameworks */,
				F8FBD6321391E4A800D7D14E /* CoreGraphics.framework in Frameworks */,
				F8FBD6541391ECB600D7D14E /* libOCMock.a in Frameworks */,
			);
			runOnlyForDeploymentPostprocessing = 0;
		};
/* End PBXFrameworksBuildPhase section */

/* Begin PBXGroup section */
		F8FBD5FB1391E49800D7D14E = {
			isa = PBXGroup;
			children = (
				F8FBD6521391EC2700D7D14E /* Libraries */,
				F8FBD64B1391E4D100D7D14E /* GHUnitIOS.framework */,
				F8FBD6101391E49800D7D14E /* MyProj */,
				F8FBD6331391E4A800D7D14E /* MyProjTests */,
				F8FBD6091391E49800D7D14E /* Frameworks */,
				F8FBD6071391E49800D7D14E /* Products */,
			);
			sourceTree = "<group>";
		};
		F8FBD6071391E49800D7D14E /* Products */ = {
			isa = PBXGroup;
			children = (
				F8FBD6061391E49800D7D14E /* MyProj.app */,
				F8FBD62E1391E4A800D7D14E /* MyProjTests.app */,
			);
			name = Products;
			sourceTree = "<group>";
		};
		F8FBD6091391E49800D7D14E /* Frameworks */ = {
			isa = PBXGroup;
			children = (
				F8FBD60A1391E49800D7D14E /* UIKit.framework */,
				F8FBD60C1391E49800D7D14E /* Foundation.framework */,
				F8FBD60E1391E49800D7D14E /* CoreGraphics.framework */,
			);
			name = Frameworks;
			sourceTree = "<group>";
		};
		F8FBD6101391E49800D7D14E /* MyProj */ = {
			isa = PBXGroup;
			children = (
				F8FBD6191391E49800D7D14E /* MyProjAppDelegate.h */,
				F8FBD61A1391E49800D7D14E /* MyProjAppDelegate.m */,
				F8FBD61C1391E49800D7D14E /* MainWindow.xib */,
				F8FBD61F1391E49800D7D14E /* MyProjViewController.h */,
				F8FBD6201391E49800D7D14E /* MyProjViewController.m */,
				F8FBD6221391E49800D7D14E /* MyProjViewController.xib */,
				F8FBD6111391E49800D7D14E /* Supporting Files */,
			);
			path = MyProj;
			sourceTree = "<group>";
		};
		F8FBD6111391E49800D7D14E /* Supporting Files */ = {
			isa = PBXGroup;
			children = (
				F8FBD6121391E49800D7D14E /* MyProj-Info.plist */,
				F8FBD6131391E49800D7D14E /* InfoPlist.strings */,
				F8FBD6161391E49800D7D14E /* MyProj-Prefix.pch */,
				F8FBD6171391E49800D7D14E /* main.m */,
			);
			name = "Supporting Files";
			sourceTree = "<group>";
		};
		F8FBD6331391E4A800D7D14E /* MyProjTests */ = {
			isa = PBXGroup;
			children = (
				F8FBD64D1391E51100D7D14E /* GHUnitIOSTestMain.m */,
				F8FBD6341391E4A800D7D14E /* Supporting Files */,
				F8FBD6501391E6CF00D7D14E /* SampleTestCase.m */,
			);
			path = MyProjTests;
			sourceTree = "<group>";
		};
		F8FBD6341391E4A800D7D14E /* Supporting Files */ = {
			isa = PBXGroup;
			children = (
				F8FBD6351391E4A800D7D14E /* MyProjTests-Info.plist */,
				F8FBD6361391E4A900D7D14E /* InfoPlist.strings */,
				F8FBD6391391E4A900D7D14E /* MyProjTests-Prefix.pch */,
			);
			name = "Supporting Files";
			sourceTree = "<group>";
		};
		F8FBD6521391EC2700D7D14E /* Libraries */ = {
			isa = PBXGroup;
			children = (
				F8FBD6551391EF4400D7D14E /* OCMock */,
				F8FBD6531391ECB600D7D14E /* libOCMock.a */,
			);
			path = Libraries;
			sourceTree = "<group>";
		};
		F8FBD6551391EF4400D7D14E /* OCMock */ = {
			isa = PBXGroup;
			children = (
				F8FBD6561391EF4400D7D14E /* NSNotificationCenter+OCMAdditions.h */,
				F8FBD6571391EF4400D7D14E /* OCMArg.h */,
				F8FBD6581391EF4400D7D14E /* OCMConstraint.h */,
				F8FBD6591391EF4400D7D14E /* OCMock.h */,
				F8FBD65A1391EF4400D7D14E /* OCMockObject.h */,
				F8FBD65B1391EF4400D7D14E /* OCMockRecorder.h */,
			);
			path = OCMock;
			sourceTree = "<group>";
		};
/* End PBXGroup section */

/* Begin PBXNativeTarget section */
		F8FBD6051391E49800D7D14E /* MyProj */ = {
			isa = PBXNativeTarget;
			buildConfigurationList = F8FBD6271391E49800D7D14E /* Build configuration list for PBXNativeTarget "MyProj" */;
			buildPhases = (
				F8FBD6021391E49800D7D14E /* Sources */,
				F8FBD6031391E49800D7D14E /* Frameworks */,
				F8FBD6041391E49800D7D14E /* Resources */,
			);
			buildRules = (
			);
			dependencies = (
			);
			name = MyProj;
			productName = MyProj;
			productReference = F8FBD6061391E49800D7D14E /* MyProj.app */;
			productType = "com.apple.product-type.application";
		};
		F8FBD62D1391E4A800D7D14E /* MyProjTests */ = {
			isa = PBXNativeTarget;
			buildConfigurationList = F8FBD6481391E4A900D7D14E /* Build configuration list for PBXNativeTarget "MyProjTests" */;
			buildPhases = (
				F8FBD62A1391E4A800D7D14E /* Sources */,
				F8FBD62B1391E4A800D7D14E /* Frameworks */,
				F8FBD62C1391E4A800D7D14E /* Resources */,
			);
			buildRules = (
			);
			dependencies = (
			);
			name = MyProjTests;
			productName = MyProjTests;
			productReference = F8FBD62E1391E4A800D7D14E /* MyProjTests.app */;
			productType = "com.apple.product-type.application";
		};
/* End PBXNativeTarget section */

/* Begin PBXProject section */
		F8FBD5FD1391E49800D7D14E /* Project object */ = {
			isa = PBXProject;
			attributes = {
				ORGANIZATIONNAME = "Ivy Gulch, LLC";
			};
			buildConfigurationList = F8FBD6001391E49800D7D14E /* Build configuration list for PBXProject "MyProj" */;
			compatibilityVersion = "Xcode 3.2";
			developmentRegion = English;
			hasScannedForEncodings = 0;
			knownRegions = (
				en,
			);
			mainGroup = F8FBD5FB1391E49800D7D14E;
			productRefGroup = F8FBD6071391E49800D7D14E /* Products */;
			projectDirPath = "";
			projectRoot = "";
			targets = (
				F8FBD6051391E49800D7D14E /* MyProj */,
				F8FBD62D1391E4A800D7D14E /* MyProjTests */,
			);
		};
/* End PBXProject section */

/* Begin PBXResourcesBuildPhase section */
		F8FBD6041391E49800D7D14E /* Resources */ = {
			isa = PBXResourcesBuildPhase;
			buildActionMask = 2147483647;
			files = (
				F8FBD6151391E49800D7D14E /* InfoPlist.strings in Resources */,
				F8FBD61E1391E49800D7D14E /* MainWindow.xib in Resources */,
				F8FBD6241391E49800D7D14E /* MyProjViewController.xib in Resources */,
			);
			runOnlyForDeploymentPostprocessing = 0;
		};
		F8FBD62C1391E4A800D7D14E /* Resources */ = {
			isa = PBXResourcesBuildPhase;
			buildActionMask = 2147483647;
			files = (
				F8FBD6381391E4A900D7D14E /* InfoPlist.strings in Resources */,
			);
			runOnlyForDeploymentPostprocessing = 0;
		};
/* End PBXResourcesBuildPhase section */

/* Begin PBXSourcesBuildPhase section */
		F8FBD6021391E49800D7D14E /* Sources */ = {
			isa = PBXSourcesBuildPhase;
			buildActionMask = 2147483647;
			files = (
				F8FBD6181391E49800D7D14E /* main.m in Sources */,
				F8FBD61B1391E49800D7D14E /* MyProjAppDelegate.m in Sources */,
				F8FBD6211391E49800D7D14E /* MyProjViewController.m in Sources */,
			);
			runOnlyForDeploymentPostprocessing = 0;
		};
		F8FBD62A1391E4A800D7D14E /* Sources */ = {
			isa = PBXSourcesBuildPhase;
			buildActionMask = 2147483647;
			files = (
				F8FBD64E1391E51100D7D14E /* GHUnitIOSTestMain.m in Sources */,
				F8FBD6511391E6CF00D7D14E /* SampleTestCase.m in Sources */,
			);
			runOnlyForDeploymentPostprocessing = 0;
		};
/* End PBXSourcesBuildPhase section */

/* Begin PBXVariantGroup section */
		F8FBD6131391E49800D7D14E /* InfoPlist.strings */ = {
			isa = PBXVariantGroup;
			children = (
				F8FBD6141391E49800D7D14E /* en */,
			);
			name = InfoPlist.strings;
			sourceTree = "<group>";
		};
		F8FBD61C1391E49800D7D14E /* MainWindow.xib */ = {
			isa = PBXVariantGroup;
			children = (
				F8FBD61D1391E49800D7D14E /* en */,
			);
			name = MainWindow.xib;
			sourceTree = "<group>";
		};
		F8FBD6221391E49800D7D14E /* MyProjViewController.xib */ = {
			isa = PBXVariantGroup;
			children = (
				F8FBD6231391E49800D7D14E /* en */,
			);
			name = MyProjViewController.xib;
			sourceTree = "<group>";
		};
		F8FBD6361391E4A900D7D14E /* InfoPlist.strings */ = {
			isa = PBXVariantGroup;
			children = (
				F8FBD6371391E4A900D7D14E /* en */,
			);
			name = InfoPlist.strings;
			sourceTree = "<group>";
		};
/* End PBXVariantGroup section */

/* Begin XCBuildConfiguration section */
		F8FBD6251391E49800D7D14E /* Debug */ = {
			isa = XCBuildConfiguration;
			buildSettings = {
				ARCHS = "$(ARCHS_STANDARD_32_BIT)";
				"CODE_SIGN_IDENTITY[sdk=iphoneos*]" = "iPhone Developer";
				GCC_C_LANGUAGE_STANDARD = gnu99;
				GCC_OPTIMIZATION_LEVEL = 0;
				GCC_PREPROCESSOR_DEFINITIONS = DEBUG;
				GCC_SYMBOLS_PRIVATE_EXTERN = NO;
				GCC_VERSION = com.apple.compilers.llvmgcc42;
				GCC_WARN_ABOUT_RETURN_TYPE = YES;
				GCC_WARN_UNUSED_VARIABLE = YES;
				IPHONEOS_DEPLOYMENT_TARGET = 4.3;
				SDKROOT = iphoneos;
			};
			name = Debug;
		};
		F8FBD6261391E49800D7D14E /* Release */ = {
			isa = XCBuildConfiguration;
			buildSettings = {
				ARCHS = "$(ARCHS_STANDARD_32_BIT)";
				"CODE_SIGN_IDENTITY[sdk=iphoneos*]" = "iPhone Developer";
				GCC_C_LANGUAGE_STANDARD = gnu99;
				GCC_VERSION = com.apple.compilers.llvmgcc42;
				GCC_WARN_ABOUT_RETURN_TYPE = YES;
				GCC_WARN_UNUSED_VARIABLE = YES;
				IPHONEOS_DEPLOYMENT_TARGET = 4.3;
				OTHER_CFLAGS = "-DNS_BLOCK_ASSERTIONS=1";
				SDKROOT = iphoneos;
			};
			name = Release;
		};
		F8FBD6281391E49800D7D14E /* Debug */ = {
			isa = XCBuildConfiguration;
			buildSettings = {
				ALWAYS_SEARCH_USER_PATHS = NO;
				COPY_PHASE_STRIP = NO;
				GCC_DYNAMIC_NO_PIC = NO;
				GCC_PRECOMPILE_PREFIX_HEADER = YES;
				GCC_PREFIX_HEADER = "MyProj/MyProj-Prefix.pch";
				INFOPLIST_FILE = "MyProj/MyProj-Info.plist";
				PRODUCT_NAME = "$(TARGET_NAME)";
				WRAPPER_EXTENSION = app;
			};
			name = Debug;
		};
		F8FBD6291391E49800D7D14E /* Release */ = {
			isa = XCBuildConfiguration;
			buildSettings = {
				ALWAYS_SEARCH_USER_PATHS = NO;
				COPY_PHASE_STRIP = YES;
				GCC_PRECOMPILE_PREFIX_HEADER = YES;
				GCC_PREFIX_HEADER = "MyProj/MyProj-Prefix.pch";
				INFOPLIST_FILE = "MyProj/MyProj-Info.plist";
				PRODUCT_NAME = "$(TARGET_NAME)";
				VALIDATE_PRODUCT = YES;
				WRAPPER_EXTENSION = app;
			};
			name = Release;
		};
		F8FBD6491391E4A900D7D14E /* Debug */ = {
			isa = XCBuildConfiguration;
			buildSettings = {
				ALWAYS_SEARCH_USER_PATHS = NO;
				"CODE_SIGN_IDENTITY[sdk=iphoneos*]" = "iPhone Developer";
				COPY_PHASE_STRIP = NO;
				FRAMEWORK_SEARCH_PATHS = (
					"$(inherited)",
					"\"$(SRCROOT)\"",
				);
				GCC_DYNAMIC_NO_PIC = NO;
				GCC_PRECOMPILE_PREFIX_HEADER = YES;
				GCC_PREFIX_HEADER = "MyProjTests/MyProjTests-Prefix.pch";
				HEADER_SEARCH_PATHS = "$(SRCROOT)/Libraries/**";
				INFOPLIST_FILE = "MyProjTests/MyProjTests-Info.plist";
				LIBRARY_SEARCH_PATHS = (
					"$(inherited)",
					"\"$(SRCROOT)/Libraries\"",
				);
				OTHER_LDFLAGS = (
					"-ObjC",
					"-all_load",
				);
				PRODUCT_NAME = "$(TARGET_NAME)";
				TEST_AFTER_BUILD = YES;
				WRAPPER_EXTENSION = app;
			};
			name = Debug;
		};
		F8FBD64A1391E4A900D7D14E /* Release */ = {
			isa = XCBuildConfiguration;
			buildSettings = {
				ALWAYS_SEARCH_USER_PATHS = NO;
				"CODE_SIGN_IDENTITY[sdk=iphoneos*]" = "iPhone Developer";
				COPY_PHASE_STRIP = YES;
				FRAMEWORK_SEARCH_PATHS = (
					"$(inherited)",
					"\"$(SRCROOT)\"",
				);
				GCC_PRECOMPILE_PREFIX_HEADER = YES;
				GCC_PREFIX_HEADER = "MyProjTests/MyProjTests-Prefix.pch";
				HEADER_SEARCH_PATHS = "$(SRCROOT)/Libraries/**";
				INFOPLIST_FILE = "MyProjTests/MyProjTests-Info.plist";
				LIBRARY_SEARCH_PATHS = (
					"$(inherited)",
					"\"$(SRCROOT)/Libraries\"",
				);
				OTHER_LDFLAGS = (
					"-ObjC",
					"-all_load",
				);
				PRODUCT_NAME = "$(TARGET_NAME)";
				TEST_AFTER_BUILD = YES;
				VALIDATE_PRODUCT = YES;
				WRAPPER_EXTENSION = app;
			};
			name = Release;
		};
/* End XCBuildConfiguration section */

/* Begin XCConfigurationList section */
		F8FBD6001391E49800D7D14E /* Build configuration list for PBXProject "MyProj" */ = {
			isa = XCConfigurationList;
			buildConfigurations = (
				F8FBD6251391E49800D7D14E /* Debug */,
				F8FBD6261391E49800D7D14E /* Release */,
			);
			defaultConfigurationIsVisible = 0;
			defaultConfigurationName = Release;
		};
		F8FBD6271391E49800D7D14E /* Build configuration list for PBXNativeTarget "MyProj" */ = {
			isa = XCConfigurationList;
			buildConfigurations = (
				F8FBD6281391E49800D7D14E /* Debug */,
				F8FBD6291391E49800D7D14E /* Release */,
			);
			defaultConfigurationIsVisible = 0;
			defaultConfigurationName = Release;
		};
		F8FBD6481391E4A900D7D14E /* Build configuration list for PBXNativeTarget "MyProjTests" */ = {
			isa = XCConfigurationList;
			buildConfigurations = (
				F8FBD6491391E4A900D7D14E /* Debug */,
				F8FBD64A1391E4A900D7D14E /* Release */,
			);
			defaultConfigurationIsVisible = 0;
			defaultConfigurationName = Release;
		};
/* End XCConfigurationList section */
	};
	rootObject = F8FBD5FD1391E49800D7D14E /* Project object */;
}
